
Microsoft Visual Studio Solution File, Format Version 12.00
# Visual Studio Version 17
VisualStudioVersion = 17.9.34728.123
MinimumVisualStudioVersion = 10.0.40219.1
Project("{FAE04EC0-301F-11D3-BF4B-00C04F79EFBC}") = "Session 04 - Assignment 05", "Session 04 - Assignment 05\Session 04 - Assignment 05.csproj", "{52622E39-8CD7-4DB5-A827-802A423F11B8}"
EndProject
Global
	GlobalSection(SolutionConfigurationPlatforms) = preSolution
		Debug|Any CPU = Debug|Any CPU
		Release|Any CPU = Release|Any CPU
	EndGlobalSection
	GlobalSection(ProjectConfigurationPlatforms) = postSolution
		{52622E39-8CD7-4DB5-A827-802A423F11B8}.Debug|Any CPU.ActiveCfg = Debug|Any CPU
		{52622E39-8CD7-4DB5-A827-802A423F11B8}.Debug|Any CPU.Build.0 = Debug|Any CPU
		{52622E39-8CD7-4DB5-A827-802A423F11B8}.Release|Any CPU.ActiveCfg = Release|Any CPU
		{52622E39-8CD7-4DB5-A827-802A423F11B8}.Release|Any CPU.Build.0 = Release|Any CPU
	EndGlobalSection
	GlobalSection(SolutionProperties) = preSolution
		HideSolutionNode = FALSE
	EndGlobalSection
	GlobalSection(ExtensibilityGlobals) = postSolution
		SolutionGuid = {A9BF2FAF-9ED4-4653-92C5-E4DB5BA0DFB0}
	EndGlobalSection
EndGlobal
